
Microsoft Visual Studio Solution File, Format Version 12.00
# Visual Studio Version 17
VisualStudioVersion = 17.14.36202.13
MinimumVisualStudioVersion = 10.0.40219.1
Project("{FAE04EC0-301F-11D3-BF4B-00C04F79EFBC}") = "Pulse.Core", "src\Pulse.Core\Pulse.Core.csproj", "{8B4A7830-5398-4EB5-6D22-BD8546FCE390}"
EndProject
Project("{FAE04EC0-301F-11D3-BF4B-00C04F79EFBC}") = "PulseByMirthSystems", "src\PulseByMirthSystems\PulseByMirthSystems.csproj", "{CF23ED30-7CBA-4B08-8729-9DEC6B7785DD}"
EndProject
Project("{FAE04EC0-301F-11D3-BF4B-00C04F79EFBC}") = "PulseByMirthSystems.UnitTests", "tests\PulseByMirthSystems.UnitTests\PulseByMirthSystems.UnitTests.csproj", "{382B0128-6463-44E7-A8BA-86163222B1CA}"
EndProject
Global
	GlobalSection(SolutionConfigurationPlatforms) = preSolution
		Debug|Any CPU = Debug|Any CPU
		Debug|x64 = Debug|x64
		Debug|x86 = Debug|x86
		Release|Any CPU = Release|Any CPU
		Release|x64 = Release|x64
		Release|x86 = Release|x86
	EndGlobalSection
	GlobalSection(ProjectConfigurationPlatforms) = postSolution
		{8B4A7830-5398-4EB5-6D22-BD8546FCE390}.Debug|Any CPU.ActiveCfg = Debug|Any CPU
		{8B4A7830-5398-4EB5-6D22-BD8546FCE390}.Debug|Any CPU.Build.0 = Debug|Any CPU
		{8B4A7830-5398-4EB5-6D22-BD8546FCE390}.Debug|x64.ActiveCfg = Debug|Any CPU
		{8B4A7830-5398-4EB5-6D22-BD8546FCE390}.Debug|x64.Build.0 = Debug|Any CPU
		{8B4A7830-5398-4EB5-6D22-BD8546FCE390}.Debug|x86.ActiveCfg = Debug|Any CPU
		{8B4A7830-5398-4EB5-6D22-BD8546FCE390}.Debug|x86.Build.0 = Debug|Any CPU
		{8B4A7830-5398-4EB5-6D22-BD8546FCE390}.Release|Any CPU.ActiveCfg = Release|Any CPU
		{8B4A7830-5398-4EB5-6D22-BD8546FCE390}.Release|Any CPU.Build.0 = Release|Any CPU
		{8B4A7830-5398-4EB5-6D22-BD8546FCE390}.Release|x64.ActiveCfg = Release|Any CPU
		{8B4A7830-5398-4EB5-6D22-BD8546FCE390}.Release|x64.Build.0 = Release|Any CPU
		{8B4A7830-5398-4EB5-6D22-BD8546FCE390}.Release|x86.ActiveCfg = Release|Any CPU
		{8B4A7830-5398-4EB5-6D22-BD8546FCE390}.Release|x86.Build.0 = Release|Any CPU
		{CF23ED30-7CBA-4B08-8729-9DEC6B7785DD}.Debug|Any CPU.ActiveCfg = Debug|Any CPU
		{CF23ED30-7CBA-4B08-8729-9DEC6B7785DD}.Debug|Any CPU.Build.0 = Debug|Any CPU
		{CF23ED30-7CBA-4B08-8729-9DEC6B7785DD}.Debug|x64.ActiveCfg = Debug|Any CPU
		{CF23ED30-7CBA-4B08-8729-9DEC6B7785DD}.Debug|x64.Build.0 = Debug|Any CPU
		{CF23ED30-7CBA-4B08-8729-9DEC6B7785DD}.Debug|x86.ActiveCfg = Debug|Any CPU
		{CF23ED30-7CBA-4B08-8729-9DEC6B7785DD}.Debug|x86.Build.0 = Debug|Any CPU
		{CF23ED30-7CBA-4B08-8729-9DEC6B7785DD}.Release|Any CPU.ActiveCfg = Release|Any CPU
		{CF23ED30-7CBA-4B08-8729-9DEC6B7785DD}.Release|Any CPU.Build.0 = Release|Any CPU
		{CF23ED30-7CBA-4B08-8729-9DEC6B7785DD}.Release|x64.ActiveCfg = Release|Any CPU
		{CF23ED30-7CBA-4B08-8729-9DEC6B7785DD}.Release|x64.Build.0 = Release|Any CPU
		{CF23ED30-7CBA-4B08-8729-9DEC6B7785DD}.Release|x86.ActiveCfg = Release|Any CPU
		{CF23ED30-7CBA-4B08-8729-9DEC6B7785DD}.Release|x86.Build.0 = Release|Any CPU
		{382B0128-6463-44E7-A8BA-86163222B1CA}.Debug|Any CPU.ActiveCfg = Debug|Any CPU
		{382B0128-6463-44E7-A8BA-86163222B1CA}.Debug|Any CPU.Build.0 = Debug|Any CPU
		{382B0128-6463-44E7-A8BA-86163222B1CA}.Debug|x64.ActiveCfg = Debug|Any CPU
		{382B0128-6463-44E7-A8BA-86163222B1CA}.Debug|x64.Build.0 = Debug|Any CPU
		{382B0128-6463-44E7-A8BA-86163222B1CA}.Debug|x86.ActiveCfg = Debug|Any CPU
		{382B0128-6463-44E7-A8BA-86163222B1CA}.Debug|x86.Build.0 = Debug|Any CPU
		{382B0128-6463-44E7-A8BA-86163222B1CA}.Release|Any CPU.ActiveCfg = Release|Any CPU
		{382B0128-6463-44E7-A8BA-86163222B1CA}.Release|Any CPU.Build.0 = Release|Any CPU
		{382B0128-6463-44E7-A8BA-86163222B1CA}.Release|x64.ActiveCfg = Release|Any CPU
		{382B0128-6463-44E7-A8BA-86163222B1CA}.Release|x64.Build.0 = Release|Any CPU
		{382B0128-6463-44E7-A8BA-86163222B1CA}.Release|x86.ActiveCfg = Release|Any CPU
		{382B0128-6463-44E7-A8BA-86163222B1CA}.Release|x86.Build.0 = Release|Any CPU
	EndGlobalSection
	GlobalSection(SolutionProperties) = preSolution
		HideSolutionNode = FALSE
	EndGlobalSection
	GlobalSection(ExtensibilityGlobals) = postSolution
		SolutionGuid = {B88FF05C-9758-4DFE-8C3A-35C1DC196317}
	EndGlobalSection
EndGlobal
